{
    "_readme": [
        "This file locks the dependencies of your project to a known state",
        "Read more about it at http://getcomposer.org/doc/01-basic-usage.md#composer-lock-the-lock-file"
    ],
    "hash": "c288145ce29c4eb556ea7aab743f6a95",
    "packages": [
        {
            "name": "psr/log",
            "version": "1.0.0",
            "source": {
                "type": "git",
                "url": "https://github.com/php-fig/log",
                "reference": "1.0.0"
            },
            "dist": {
                "type": "zip",
                "url": "https://github.com/php-fig/log/archive/1.0.0.zip",
                "reference": "1.0.0",
                "shasum": ""
            },
            "type": "library",
            "autoload": {
                "psr-0": {
                    "Psr\\Log\\": ""
                }
            },
            "notification-url": "https://packagist.org/downloads/",
            "license": [
                "MIT"
            ],
            "authors": [
                {
                    "name": "PHP-FIG",
                    "homepage": "http://www.php-fig.org/"
                }
            ],
            "description": "Common interface for logging libraries",
            "keywords": [
                "log",
                "psr",
                "psr-3"
            ],
            "time": "2012-12-21 11:40:51"
        },
        {
            "name": "symfony/config",
            "version": "2.2.x-dev",
            "target-dir": "Symfony/Component/Config",
            "source": {
                "type": "git",
                "url": "https://github.com/symfony/Config.git",
                "reference": "v2.2.4"
            },
            "dist": {
                "type": "zip",
                "url": "https://api.github.com/repos/symfony/Config/zipball/v2.2.4",
                "reference": "v2.2.4",
                "shasum": ""
            },
            "require": {
                "php": ">=5.3.3"
            },
            "type": "library",
            "extra": {
                "branch-alias": {
                    "dev-master": "2.2-dev"
                }
            },
            "autoload": {
                "psr-0": {
                    "Symfony\\Component\\Config\\": ""
                }
            },
            "notification-url": "https://packagist.org/downloads/",
            "license": [
                "MIT"
            ],
            "authors": [
                {
                    "name": "Fabien Potencier",
                    "email": "fabien@symfony.com"
                },
                {
                    "name": "Symfony Community",
                    "homepage": "http://symfony.com/contributors"
                }
            ],
            "description": "Symfony Config Component",
            "homepage": "http://symfony.com",
            "time": "2013-07-10 14:03:01"
        },
        {
            "name": "symfony/debug",
            "version": "dev-master",
            "target-dir": "Symfony/Component/Debug",
            "source": {
                "type": "git",
                "url": "https://github.com/symfony/Debug.git",
                "reference": "a0c8c08341a7a572f4e9c71555e70c7b032557f8"
            },
            "dist": {
                "type": "zip",
                "url": "https://api.github.com/repos/symfony/Debug/zipball/a0c8c08341a7a572f4e9c71555e70c7b032557f8",
                "reference": "a0c8c08341a7a572f4e9c71555e70c7b032557f8",
                "shasum": ""
            },
            "require": {
                "php": ">=5.3.3"
            },
            "require-dev": {
                "symfony/http-foundation": "~2.1",
                "symfony/http-kernel": "~2.1"
            },
            "suggest": {
                "symfony/class-loader": "",
                "symfony/http-foundation": "",
                "symfony/http-kernel": ""
            },
            "type": "library",
            "extra": {
                "branch-alias": {
                    "dev-master": "2.4-dev"
                }
            },
            "autoload": {
                "psr-0": {
                    "Symfony\\Component\\Debug\\": ""
                }
            },
            "notification-url": "https://packagist.org/downloads/",
            "license": [
                "MIT"
            ],
            "authors": [
                {
                    "name": "Fabien Potencier",
                    "email": "fabien@symfony.com"
                },
                {
                    "name": "Symfony Community",
                    "homepage": "http://symfony.com/contributors"
                }
            ],
            "description": "Symfony Debug Component",
            "homepage": "http://symfony.com",
            "time": "2013-07-28 20:44:44"
        },
        {
            "name": "symfony/event-dispatcher",
            "version": "dev-master",
            "target-dir": "Symfony/Component/EventDispatcher",
            "source": {
                "type": "git",
                "url": "https://github.com/symfony/EventDispatcher.git",
                "reference": "b8bca82c9347de810aa00898684adbf9b601eb5d"
            },
            "dist": {
                "type": "zip",
                "url": "https://api.github.com/repos/symfony/EventDispatcher/zipball/b8bca82c9347de810aa00898684adbf9b601eb5d",
                "reference": "b8bca82c9347de810aa00898684adbf9b601eb5d",
                "shasum": ""
            },
            "require": {
                "php": ">=5.3.3"
            },
            "require-dev": {
                "symfony/dependency-injection": "~2.0"
            },
            "suggest": {
                "symfony/dependency-injection": "",
                "symfony/http-kernel": ""
            },
            "type": "library",
            "extra": {
                "branch-alias": {
                    "dev-master": "2.4-dev"
                }
            },
            "autoload": {
                "psr-0": {
                    "Symfony\\Component\\EventDispatcher\\": ""
                }
            },
            "notification-url": "https://packagist.org/downloads/",
            "license": [
                "MIT"
            ],
            "authors": [
                {
                    "name": "Fabien Potencier",
                    "email": "fabien@symfony.com"
                },
                {
                    "name": "Symfony Community",
                    "homepage": "http://symfony.com/contributors"
                }
            ],
            "description": "Symfony EventDispatcher Component",
            "homepage": "http://symfony.com",
            "time": "2013-07-21 20:19:01"
        },
        {
            "name": "symfony/form",
            "version": "2.3.x-dev",
            "target-dir": "Symfony/Component/Form",
            "source": {
                "type": "git",
                "url": "https://github.com/symfony/Form.git",
                "reference": "a7b7a67cdb0345a8fefa12795cd10a62d7806f3f"
            },
            "dist": {
                "type": "zip",
                "url": "https://api.github.com/repos/symfony/Form/zipball/a7b7a67cdb0345a8fefa12795cd10a62d7806f3f",
                "reference": "a7b7a67cdb0345a8fefa12795cd10a62d7806f3f",
                "shasum": ""
            },
            "require": {
                "php": ">=5.3.3",
                "symfony/event-dispatcher": "~2.1",
                "symfony/intl": "~2.3",
                "symfony/options-resolver": "~2.1",
                "symfony/property-access": "~2.2"
            },
            "require-dev": {
                "symfony/http-foundation": "~2.2",
                "symfony/validator": "~2.2"
            },
            "suggest": {
                "symfony/http-foundation": "",
                "symfony/validator": ""
            },
            "type": "library",
            "extra": {
                "branch-alias": {
                    "dev-master": "2.3-dev"
                }
            },
            "autoload": {
                "psr-0": {
                    "Symfony\\Component\\Form\\": ""
                }
            },
            "notification-url": "https://packagist.org/downloads/",
            "license": [
                "MIT"
            ],
            "authors": [
                {
                    "name": "Fabien Potencier",
                    "email": "fabien@symfony.com"
                },
                {
                    "name": "Symfony Community",
                    "homepage": "http://symfony.com/contributors"
                }
            ],
            "description": "Symfony Form Component",
            "homepage": "http://symfony.com",
            "time": "2013-08-02 20:53:38"
        },
        {
            "name": "symfony/http-foundation",
            "version": "dev-master",
            "target-dir": "Symfony/Component/HttpFoundation",
            "source": {
                "type": "git",
                "url": "https://github.com/symfony/HttpFoundation.git",
                "reference": "c7c3751880f2269bb48974578d37f8125016bc09"
            },
            "dist": {
                "type": "zip",
                "url": "https://api.github.com/repos/symfony/HttpFoundation/zipball/c7c3751880f2269bb48974578d37f8125016bc09",
                "reference": "c7c3751880f2269bb48974578d37f8125016bc09",
                "shasum": ""
            },
            "require": {
                "php": ">=5.3.3"
            },
            "type": "library",
            "extra": {
                "branch-alias": {
                    "dev-master": "2.4-dev"
                }
            },
            "autoload": {
                "psr-0": {
                    "Symfony\\Component\\HttpFoundation\\": ""
                },
                "classmap": [
                    "Symfony/Component/HttpFoundation/Resources/stubs"
                ]
            },
            "notification-url": "https://packagist.org/downloads/",
            "license": [
                "MIT"
            ],
            "authors": [
                {
                    "name": "Fabien Potencier",
                    "email": "fabien@symfony.com"
                },
                {
                    "name": "Symfony Community",
                    "homepage": "http://symfony.com/contributors"
                }
            ],
            "description": "Symfony HttpFoundation Component",
            "homepage": "http://symfony.com",
            "time": "2013-08-02 20:53:46"
        },
        {
            "name": "symfony/http-kernel",
            "version": "2.3.x-dev",
            "target-dir": "Symfony/Component/HttpKernel",
            "source": {
                "type": "git",
                "url": "https://github.com/symfony/HttpKernel.git",
                "reference": "db40d3dd68f606f8ec0e73c057594b575360c846"
            },
            "dist": {
                "type": "zip",
                "url": "https://api.github.com/repos/symfony/HttpKernel/zipball/db40d3dd68f606f8ec0e73c057594b575360c846",
                "reference": "db40d3dd68f606f8ec0e73c057594b575360c846",
                "shasum": ""
            },
            "require": {
                "php": ">=5.3.3",
                "psr/log": "~1.0",
                "symfony/debug": "~2.3",
                "symfony/event-dispatcher": "~2.1",
                "symfony/http-foundation": "~2.2"
            },
            "require-dev": {
                "symfony/browser-kit": "~2.2",
                "symfony/class-loader": "~2.1",
                "symfony/config": "~2.0",
                "symfony/console": "~2.2",
                "symfony/dependency-injection": "~2.0",
                "symfony/finder": "~2.0",
                "symfony/process": "~2.0",
                "symfony/routing": "~2.2",
                "symfony/stopwatch": "~2.2",
                "symfony/templating": "~2.2"
            },
            "suggest": {
                "symfony/browser-kit": "",
                "symfony/class-loader": "",
                "symfony/config": "",
                "symfony/console": "",
                "symfony/dependency-injection": "",
                "symfony/finder": ""
            },
            "type": "library",
            "extra": {
                "branch-alias": {
                    "dev-master": "2.3-dev"
                }
            },
            "autoload": {
                "psr-0": {
                    "Symfony\\Component\\HttpKernel\\": ""
                }
            },
            "notification-url": "https://packagist.org/downloads/",
            "license": [
                "MIT"
            ],
            "authors": [
                {
                    "name": "Fabien Potencier",
                    "email": "fabien@symfony.com"
                },
                {
                    "name": "Symfony Community",
                    "homepage": "http://symfony.com/contributors"
                }
            ],
            "description": "Symfony HttpKernel Component",
            "homepage": "http://symfony.com",
            "time": "2013-08-02 23:18:34"
        },
        {
            "name": "symfony/icu",
            "version": "1.2.x-dev",
            "target-dir": "Symfony/Component/Icu",
            "source": {
                "type": "git",
                "url": "https://github.com/symfony/Icu.git",
                "reference": "v1.2.0"
            },
            "dist": {
                "type": "zip",
                "url": "https://api.github.com/repos/symfony/Icu/zipball/v1.2.0",
                "reference": "v1.2.0",
                "shasum": ""
            },
            "require": {
                "lib-icu": ">=4.4",
                "php": ">=5.3.3",
                "symfony/intl": "~2.3"
            },
            "type": "library",
            "autoload": {
                "psr-0": {
                    "Symfony\\Component\\Icu\\": ""
                }
            },
            "notification-url": "https://packagist.org/downloads/",
            "license": [
                "MIT"
            ],
            "authors": [
                {
                    "name": "Symfony Community",
                    "homepage": "http://symfony.com/contributors"
                },
                {
                    "name": "Bernhard Schussek",
                    "email": "bschussek@gmail.com"
                }
            ],
            "description": "Contains an excerpt of the ICU data and classes to load it.",
            "homepage": "http://symfony.com",
            "keywords": [
                "icu",
                "intl"
            ],
            "time": "2013-04-05 10:34:44"
        },
        {
            "name": "symfony/intl",
            "version": "dev-master",
            "target-dir": "Symfony/Component/Intl",
            "source": {
                "type": "git",
                "url": "https://github.com/symfony/Intl.git",
                "reference": "921e298e4c761bb57be34e70350cdb68ec4fb87b"
            },
            "dist": {
                "type": "zip",
                "url": "https://api.github.com/repos/symfony/Intl/zipball/921e298e4c761bb57be34e70350cdb68ec4fb87b",
                "reference": "921e298e4c761bb57be34e70350cdb68ec4fb87b",
                "shasum": ""
            },
            "require": {
                "php": ">=5.3.3",
                "symfony/icu": "~1.0-RC"
            },
            "require-dev": {
                "symfony/filesystem": ">=2.1"
            },
            "suggest": {
                "ext-intl": "to use the component with locales other than \"en\""
            },
            "type": "library",
            "extra": {
                "branch-alias": {
                    "dev-master": "2.4-dev"
                }
            },
            "autoload": {
                "psr-0": {
                    "Symfony\\Component\\Intl\\": ""
                },
                "classmap": [
                    "Symfony/Component/Intl/Resources/stubs"
                ],
                "files": [
                    "Symfony/Component/Intl/Resources/stubs/functions.php"
                ]
            },
            "notification-url": "https://packagist.org/downloads/",
            "license": [
                "MIT"
            ],
            "authors": [
                {
                    "name": "Symfony Community",
                    "homepage": "http://symfony.com/contributors"
                },
                {
                    "name": "Igor Wiedler",
                    "email": "igor@wiedler.ch",
                    "homepage": "http://wiedler.ch/igor/"
                },
                {
                    "name": "Bernhard Schussek",
                    "email": "bschussek@gmail.com"
                },
                {
                    "name": "Eriksen Costa",
                    "email": "eriksen.costa@infranology.com.br"
                }
            ],
            "description": "A PHP replacement layer for the C intl extension that includes additional data from the ICU library.",
            "homepage": "http://symfony.com",
            "keywords": [
                "i18n",
                "icu",
                "internationalization",
                "intl",
                "l10n",
                "localization"
            ],
            "time": "2013-08-02 20:53:46"
        },
        {
            "name": "symfony/options-resolver",
            "version": "dev-master",
            "target-dir": "Symfony/Component/OptionsResolver",
            "source": {
                "type": "git",
                "url": "https://github.com/symfony/OptionsResolver.git",
                "reference": "e334aae4d5c697556acff14897d9c3cd3506cd52"
            },
            "dist": {
                "type": "zip",
                "url": "https://api.github.com/repos/symfony/OptionsResolver/zipball/e334aae4d5c697556acff14897d9c3cd3506cd52",
                "reference": "e334aae4d5c697556acff14897d9c3cd3506cd52",
                "shasum": ""
            },
            "require": {
                "php": ">=5.3.3"
            },
            "type": "library",
            "extra": {
                "branch-alias": {
                    "dev-master": "2.4-dev"
                }
            },
            "autoload": {
                "psr-0": {
                    "Symfony\\Component\\OptionsResolver\\": ""
                }
            },
            "notification-url": "https://packagist.org/downloads/",
            "license": [
                "MIT"
            ],
            "authors": [
                {
                    "name": "Fabien Potencier",
                    "email": "fabien@symfony.com"
                },
                {
                    "name": "Symfony Community",
                    "homepage": "http://symfony.com/contributors"
                }
            ],
            "description": "Symfony OptionsResolver Component",
            "homepage": "http://symfony.com",
            "keywords": [
                "config",
                "configuration",
                "options"
            ],
            "time": "2013-07-21 20:19:01"
        },
        {
            "name": "symfony/property-access",
            "version": "dev-master",
            "target-dir": "Symfony/Component/PropertyAccess",
            "source": {
                "type": "git",
                "url": "https://github.com/symfony/PropertyAccess.git",
                "reference": "8ecdfa4f8bd51f168649f0d8b850e545308f450f"
            },
            "dist": {
                "type": "zip",
                "url": "https://api.github.com/repos/symfony/PropertyAccess/zipball/8ecdfa4f8bd51f168649f0d8b850e545308f450f",
                "reference": "8ecdfa4f8bd51f168649f0d8b850e545308f450f",
                "shasum": ""
            },
            "require": {
                "php": ">=5.3.3"
            },
            "type": "library",
            "extra": {
                "branch-alias": {
                    "dev-master": "2.4-dev"
                }
            },
            "autoload": {
                "psr-0": {
                    "Symfony\\Component\\PropertyAccess\\": ""
                }
            },
            "notification-url": "https://packagist.org/downloads/",
            "license": [
                "MIT"
            ],
            "authors": [
                {
                    "name": "Fabien Potencier",
                    "email": "fabien@symfony.com"
                },
                {
                    "name": "Symfony Community",
                    "homepage": "http://symfony.com/contributors"
                }
            ],
            "description": "Symfony PropertyAccess Component",
            "homepage": "http://symfony.com",
            "keywords": [
                "access",
                "array",
                "extraction",
                "index",
                "injection",
                "object",
                "property",
                "property path",
                "reflection"
            ],
            "time": "2013-08-02 20:53:46"
        },
        {
            "name": "symfony/routing",
            "version": "2.3.x-dev",
            "target-dir": "Symfony/Component/Routing",
            "source": {
                "type": "git",
                "url": "https://github.com/symfony/Routing.git",
                "reference": "25eb4f846382877a3547d70dae9ea35439d81305"
            },
            "dist": {
                "type": "zip",
                "url": "https://api.github.com/repos/symfony/Routing/zipball/25eb4f846382877a3547d70dae9ea35439d81305",
                "reference": "25eb4f846382877a3547d70dae9ea35439d81305",
                "shasum": ""
            },
            "require": {
                "php": ">=5.3.3"
            },
            "require-dev": {
                "doctrine/common": "~2.2",
                "psr/log": "~1.0",
                "symfony/config": "~2.2",
                "symfony/yaml": "~2.0"
            },
            "suggest": {
                "doctrine/common": "",
                "symfony/config": "",
                "symfony/yaml": ""
            },
            "type": "library",
            "extra": {
                "branch-alias": {
                    "dev-master": "2.3-dev"
                }
            },
            "autoload": {
                "psr-0": {
                    "Symfony\\Component\\Routing\\": ""
                }
            },
            "notification-url": "https://packagist.org/downloads/",
            "license": [
                "MIT"
            ],
            "authors": [
                {
                    "name": "Fabien Potencier",
                    "email": "fabien@symfony.com"
                },
                {
                    "name": "Symfony Community",
                    "homepage": "http://symfony.com/contributors"
                }
            ],
            "description": "Symfony Routing Component",
            "homepage": "http://symfony.com",
            "time": "2013-08-02 20:53:38"
        },
        {
            "name": "symfony/translation",
            "version": "2.3.x-dev",
            "target-dir": "Symfony/Component/Translation",
            "source": {
                "type": "git",
                "url": "https://github.com/symfony/Translation.git",
                "reference": "6fa9941fbfef37d6113c3bddc687fc507b846feb"
            },
            "dist": {
                "type": "zip",
                "url": "https://api.github.com/repos/symfony/Translation/zipball/6fa9941fbfef37d6113c3bddc687fc507b846feb",
                "reference": "6fa9941fbfef37d6113c3bddc687fc507b846feb",
                "shasum": ""
            },
            "require": {
                "php": ">=5.3.3"
            },
            "require-dev": {
                "symfony/config": "~2.0",
                "symfony/yaml": "~2.2"
            },
            "suggest": {
                "symfony/config": "",
                "symfony/yaml": ""
            },
            "type": "library",
            "extra": {
                "branch-alias": {
                    "dev-master": "2.3-dev"
                }
            },
            "autoload": {
                "psr-0": {
                    "Symfony\\Component\\Translation\\": ""
                }
            },
            "notification-url": "https://packagist.org/downloads/",
            "license": [
                "MIT"
            ],
            "authors": [
                {
                    "name": "Fabien Potencier",
                    "email": "fabien@symfony.com"
                },
                {
                    "name": "Symfony Community",
                    "homepage": "http://symfony.com/contributors"
                }
            ],
            "description": "Symfony Translation Component",
            "homepage": "http://symfony.com",
            "time": "2013-08-02 20:53:38"
        },
        {
            "name": "symfony/twig-bridge",
            "version": "2.3.x-dev",
            "target-dir": "Symfony/Bridge/Twig",
            "source": {
                "type": "git",
                "url": "https://github.com/symfony/TwigBridge.git",
                "reference": "eec6577857166c41aa404d88685c3d28e0787fe5"
            },
            "dist": {
                "type": "zip",
                "url": "https://api.github.com/repos/symfony/TwigBridge/zipball/eec6577857166c41aa404d88685c3d28e0787fe5",
                "reference": "eec6577857166c41aa404d88685c3d28e0787fe5",
                "shasum": ""
            },
            "require": {
                "php": ">=5.3.3",
                "twig/twig": "~1.11"
            },
            "require-dev": {
                "symfony/form": "~2.2",
                "symfony/http-kernel": "~2.2",
                "symfony/routing": "~2.2",
                "symfony/security": "~2.0",
                "symfony/templating": "~2.1",
                "symfony/translation": "~2.2",
                "symfony/yaml": "~2.0"
            },
            "suggest": {
                "symfony/form": "",
                "symfony/http-kernel": "",
                "symfony/routing": "",
                "symfony/security": "",
                "symfony/templating": "",
                "symfony/translation": "",
                "symfony/yaml": ""
            },
            "type": "symfony-bridge",
            "extra": {
                "branch-alias": {
                    "dev-master": "2.3-dev"
                }
            },
            "autoload": {
                "psr-0": {
                    "Symfony\\Bridge\\Twig\\": ""
                }
            },
            "notification-url": "https://packagist.org/downloads/",
            "license": [
                "MIT"
            ],
            "authors": [
                {
                    "name": "Fabien Potencier",
                    "email": "fabien@symfony.com"
                },
                {
                    "name": "Symfony Community",
                    "homepage": "http://symfony.com/contributors"
                }
            ],
            "description": "Symfony Twig Bridge",
            "homepage": "http://symfony.com",
            "time": "2013-08-02 20:53:38"
        },
        {
            "name": "symfony/yaml",
            "version": "dev-master",
            "target-dir": "Symfony/Component/Yaml",
            "source": {
                "type": "git",
                "url": "https://github.com/symfony/Yaml.git",
                "reference": "4d80b4f4c447e8ad7cab8b3afb0b51aad0431f7f"
            },
            "dist": {
                "type": "zip",
                "url": "https://api.github.com/repos/symfony/Yaml/zipball/4d80b4f4c447e8ad7cab8b3afb0b51aad0431f7f",
                "reference": "4d80b4f4c447e8ad7cab8b3afb0b51aad0431f7f",
                "shasum": ""
            },
            "require": {
                "php": ">=5.3.3"
            },
            "type": "library",
            "extra": {
                "branch-alias": {
                    "dev-master": "2.4-dev"
                }
            },
            "autoload": {
                "psr-0": {
                    "Symfony\\Component\\Yaml\\": ""
                }
            },
            "notification-url": "https://packagist.org/downloads/",
            "license": [
                "MIT"
            ],
            "authors": [
                {
                    "name": "Fabien Potencier",
                    "email": "fabien@symfony.com"
                },
                {
                    "name": "Symfony Community",
                    "homepage": "http://symfony.com/contributors"
                }
            ],
            "description": "Symfony Yaml Component",
            "homepage": "http://symfony.com",
            "time": "2013-07-21 20:19:01"
        },
        {
            "name": "twig/twig",
            "version": "dev-master",
            "source": {
                "type": "git",
                "url": "https://github.com/fabpot/Twig.git",
                "reference": "7c1ce36f87ab1dd1dea007749325b8e120208be6"
            },
            "dist": {
                "type": "zip",
                "url": "https://api.github.com/repos/fabpot/Twig/zipball/7c1ce36f87ab1dd1dea007749325b8e120208be6",
                "reference": "7c1ce36f87ab1dd1dea007749325b8e120208be6",
                "shasum": ""
            },
            "require": {
                "php": ">=5.2.4"
            },
            "type": "library",
            "extra": {
                "branch-alias": {
                    "dev-master": "1.14-dev"
                }
            },
            "autoload": {
                "psr-0": {
                    "Twig_": "lib/"
                }
            },
            "notification-url": "https://packagist.org/downloads/",
            "license": [
                "BSD-3-Clause"
            ],
            "authors": [
                {
                    "name": "Fabien Potencier",
                    "email": "fabien@symfony.com"
                },
                {
                    "name": "Armin Ronacher",
                    "email": "armin.ronacher@active-4.com"
                }
            ],
            "description": "Twig, the flexible, fast, and secure template language for PHP",
            "homepage": "http://twig.sensiolabs.org",
            "keywords": [
                "templating"
            ],
            "time": "2013-08-05 08:15:36"
        }
    ],
    "packages-dev": [

    ],
    "aliases": [

    ],
    "minimum-stability": "dev",
    "stability-flags": {
        "symfony/yaml": 20
    },
    "platform": {
        "php": ">=5.3.3"
    },
    "platform-dev": [

    ]
}
